github.com/aarzilli/golua v0.0.0-20210507130708-11106aa57765/go.mod h1:hMjfaJVSqVnxenMlsxrq3Ni+vrm9Hs64tU4M7dhUoO4=
github.com/aarzilli/golua v0.0.0-20241031084612-1841fa0eb05c h1:b/NC0JqgcVNDqlx/ExFm6oNxyIzjY1RVuz7F9QVx2KQ=
github.com/aarzilli/golua v0.0.0-20241031084612-1841fa0eb05c/go.mod h1:hMjfaJVSqVnxenMlsxrq3Ni+vrm9Hs64tU4M7dhUoO4=
github.com/clbanning/mxj v1.8.4 h1:HuhwZtbyvyOw+3Z1AowPkU87JkJUSv751ELWaiTpj8I=
github.com/clbanning/mxj v1.8.4/go.mod h1:BVjHeAH+rl9rs6f+QIpeRl0tfu10SXn1pUSa5PVGJng=
github.com/codeclysm/extract v2.2.0+incompatible h1:q3wyckoA30bhUSiwdQezMqVhwd8+WGE64/GL//LtUhI=
github.com/codeclysm/extract v2.2.0+incompatible/go.mod h1:2nhFMPHiU9At61hz+12bfrlpXSUrOnK+wR+KlGO4Uks=
github.com/cpuguy83/go-md2man/v2 v2.0.5 h1:ZtcqGrnekaHpVLArFSe4HK5DoKx1T0rq2DwVB0alcyc=
github.com/cpuguy83/go-md2man/v2 v2.0.5/go.mod h1:tgQtvFlXSQOSOSIRvRPT7W67SCa46tRHOmNcaadrF8o=
github.com/davecgh/go-spew v1.1.1 h1:vj9j/u1bqnvCEfJOwUhtlOARqs3+rkHYY13jYWTU97c=
github.com/davecgh/go-spew v1.1.1/go.mod h1:J7Y8YcW2NihsgmVo/mv3lAwl/skON4iLHjSsI+c5H38=
github.com/google/gofuzz v1.2.0 h1:xRy4A+RhZaiKjJ1bPfwQ8sedCA+YS2YcCHW6ec7JMi0=
github.com/google/gofuzz v1.2.0/go.mod h1:dBl0BpW6vV/+mYPU4Po3pmUjxk6FQPldtuIdl/M65Eg=
github.com/h2non/filetype v1.1.3 h1:FKkx9QbD7HR/zjK1Ia5XiBsq9zdLi5Kf3zGyFTAFkGg=
github.com/h2non/filetype v1.1.3/go.mod h1:319b3zT68BvV+WRj7cwy856M2ehB3HqNOt6sy1HndBY=
github.com/juju/errors v1.0.0 h1:yiq7kjCLll1BiaRuNY53MGI0+EQ3rF6GB+wvboZDefM=
github.com/juju/errors v1.0.0/go.mod h1:B5x9thDqx0wIMH3+aLIMP9HjItInYWObRovoCFM5Qe8=
github.com/kr/pretty v0.2.1 h1:Fmg33tUaq4/8ym9TJN1x7sLJnHVwhP33CNkpYV/7rwI=
github.com/kr/pretty v0.2.1/go.mod h1:ipq/a2n7PKx3OHsz4KJII5eveXtPO4qwEXGdVfWzfnI=
github.com/kr/text v0.2.0 h1:5Nx0Ya0ZqY2ygV366QzturHI13Jq95ApcVaJBhpS+AY=
github.com/kr/text v0.2.0/go.mod h1:eLer722TekiGuMkidMxC/pM04lWEeraHUUmBw8l2grE=
github.com/mrnavastar/assist v0.0.0-20241019045358-9ca8d2f8ba47 h1:k7ALRT9JAxhsLkEcO0SHBtFa5VTXmhPPkuYm4vN+myo=
github.com/mrnavastar/assist v0.0.0-20241019045358-9ca8d2f8ba47/go.mod h1:g7rvIBEUXmx/fU1fwrgUiIMzE5xc/7avDoqf3jWFqSY=
github.com/mrnavastar/assist v0.0.0-20241110011458-91ecf862636a h1:3ehHJD8dx/3Tpy4IRLt4H08alcQqUKJHz7A45e8DOkY=
github.com/mrnavastar/assist v0.0.0-20241110011458-91ecf862636a/go.mod h1:g7rvIBEUXmx/fU1fwrgUiIMzE5xc/7avDoqf3jWFqSY=
github.com/mrnavastar/babe v0.0.0-20241019203637-8693d9e1507a h1:HzZOArwBaBNEAE5qWQ6zcxgIjSS+EVtFCP/SW2fILYI=
github.com/mrnavastar/babe v0.0.0-20241019203637-8693d9e1507a/go.mod h1:YWGhszTbz2arcT7NZV37GtfQReGp3d5R0ZNZN11dn/A=
github.com/mrnavastar/goluahttp v0.0.0-20241108210409-a776f9518611 h1:RZuHGEmVw9eLzoXAWxqb5gh0wII85Ph/DxylejzQKcQ=
github.com/mrnavastar/goluahttp v0.0.0-20241108210409-a776f9518611/go.mod h1:XVt/+Aw0OPYvsmXOYwLGRolXFPQSlfudQCfoFdd/VjY=
github.com/mrnavastar/goluaparse v0.0.0-20241109084530-dec65e7bbfc5 h1:yuzeUkXs1VdaD5pyHFu1lp/N7792nCUK5M0qFOmvzc4=
github.com/mrnavastar/goluaparse v0.0.0-20241109084530-dec65e7bbfc5/go.mod h1:NwEhIsoG3T2T+tqPr9pKLdlfQrrHQZ8+YXzpeR/ql50=
github.com/mrnavastar/goluaparse v0.0.0-20241109091647-e01bb4cc5cef h1:bHne2CXif20qEpQvMj11zv8H8PtFFvFkRyZuPzj+81c=
github.com/mrnavastar/goluaparse v0.0.0-20241109091647-e01bb4cc5cef/go.mod h1:u3s7qzDpEB8pOCHmS/WjAhkg0NNRf9WpLJiaZvoUl+c=
github.com/mrnavastar/goluare v0.0.0-20241031193054-b13756b15dd1 h1:g7RIBHh9JxefBiFrY0aCupQtF2c0+ABr9DZ30Qd4/+o=
github.com/mrnavastar/goluare v0.0.0-20241031193054-b13756b15dd1/go.mod h1:P68oFhQwcnIVsoHYbYcNz4fqzPzRIe3kWxIfBfSO6mg=
github.com/mrnavastar/lunatico v0.0.0-20241108205912-a2803489c640 h1:UOWwVRfbNT1wbG/457/7wiYe0/Py+loLzST5/t2i10c=
github.com/mrnavastar/lunatico v0.0.0-20241108205912-a2803489c640/go.mod h1:FTn6YTf9Nxni89iOVLX89wbnowET+F+JDHVHt9cIjXg=
github.com/pmezard/go-difflib v1.0.0 h1:4DBwDE0NGyQoBHbLQYPwSUPoCMWR5BEzIk/f1lZbAQM=
github.com/pmezard/go-difflib v1.0.0/go.mod h1:iKH77koFhYxTK1pcRnkKkqfTogsbg7gZNVY4sRDYZ/4=
github.com/russross/blackfriday/v2 v2.1.0 h1:JIOH55/0cWyOuilr9/qlrm0BSXldqnqwMsf35Ld67mk=
github.com/russross/blackfriday/v2 v2.1.0/go.mod h1:+Rmxgy9KzJVeS9/2gXHxylqXiyQDYRxCVz55jmeOWTM=
github.com/sbabiv/xml2map v1.2.1 h1:1lT7t0hhUvXZCkdxqtq4n8/ZCnwLWGq4rDuDv5XOoFE=
github.com/sbabiv/xml2map v1.2.1/go.mod h1:2TPoAfcaM7+Sd4iriPvzyntb2mx7GY+kkQpB/GQa/eo=
github.com/stevedonovan/luar v0.0.0-20170518170841-22d247e53660 h1:BQU7miOzJXmSUHa5oLf0b88kRgUgTeFsoc8i9uAV8zA=
github.com/stevedonovan/luar v0.0.0-20170518170841-22d247e53660/go.mod h1:LtHI5GcaXL3NPbZWY1Z6FAG62hWY8syhRGtD7feyN7E=
github.com/stretchr/testify v1.9.0 h1:HtqpIVDClZ4nwg75+f6Lvsy/wHu+3BoSGCbBAcpTsTg=
github.com/stretchr/testify v1.9.0/go.mod h1:r2ic/lqez/lEtzL7wO/rwa5dbSLXVDPFyf8C91i36aY=
github.com/urfave/cli/v2 v2.27.5 h1:WoHEJLdsXr6dDWoJgMq/CboDmyY/8HMMH1fTECbih+w=
github.com/urfave/cli/v2 v2.27.5/go.mod h1:3Sevf16NykTbInEnD0yKkjDAeZDS0A6bzhBH5hrMvTQ=
github.com/xrash/smetrics v0.0.0-20240521201337-686a1a2994c1 h1:gEOO8jv9F4OT7lGCjxCBTO/36wtF6j2nSip77qHd4x4=
github.com/xrash/smetrics v0.0.0-20240521201337-686a1a2994c1/go.mod h1:Ohn+xnUBiLI6FVj/9LpzZWtj1/D6lUovWYBkxHVV3aM=
golang.org/x/sync v0.8.0 h1:3NFvSEYkUoMifnESzZl15y791HH1qU2xm6eCJU5ZPXQ=
golang.org/x/sync v0.8.0/go.mod h1:Czt+wKu1gCyEFDUtn0jG5QVvpJ6rzVqr5aXyt9drQfk=
gopkg.in/check.v1 v0.0.0-20161208181325-20d25e280405/go.mod h1:Co6ibVJAznAaIkqp8huTwlJQCZ016jof/cbN4VW5Yz0=
gopkg.in/check.v1 v1.0.0-20201130134442-10cb98267c6c h1:Hei/4ADfdWqJk1ZMxUNpqntNwaWcugrBjAiHlqqRiVk=
gopkg.in/check.v1 v1.0.0-20201130134442-10cb98267c6c/go.mod h1:JHkPIbrfpd72SG/EVd6muEfDQjcINNoR0C8j2r3qZ4Q=
gopkg.in/yaml.v3 v3.0.1 h1:fxVm/GzAzEWqLHuvctI91KS9hhNmmWOoWu0XTYJS7CA=
gopkg.in/yaml.v3 v3.0.1/go.mod h1:K4uyk7z7BCEPqu6E+C64Yfv1cQ7kz7rIZviUmN+EgEM=
