github.com/aarzilli/golua v0.0.0-20240926082618-dc217320bb4d h1:pXps8msQt1KhEK7FjUHRVToqWMUV3DYSzuymktg1/Ek=
github.com/aarzilli/golua v0.0.0-20240926082618-dc217320bb4d/go.mod h1:hMjfaJVSqVnxenMlsxrq3Ni+vrm9Hs64tU4M7dhUoO4=
github.com/codeclysm/extract v2.2.0+incompatible h1:q3wyckoA30bhUSiwdQezMqVhwd8+WGE64/GL//LtUhI=
github.com/codeclysm/extract v2.2.0+incompatible/go.mod h1:2nhFMPHiU9At61hz+12bfrlpXSUrOnK+wR+KlGO4Uks=
github.com/cpuguy83/go-md2man/v2 v2.0.5 h1:ZtcqGrnekaHpVLArFSe4HK5DoKx1T0rq2DwVB0alcyc=
github.com/cpuguy83/go-md2man/v2 v2.0.5/go.mod h1:tgQtvFlXSQOSOSIRvRPT7W67SCa46tRHOmNcaadrF8o=
github.com/davecgh/go-spew v1.1.1 h1:vj9j/u1bqnvCEfJOwUhtlOARqs3+rkHYY13jYWTU97c=
github.com/davecgh/go-spew v1.1.1/go.mod h1:J7Y8YcW2NihsgmVo/mv3lAwl/skON4iLHjSsI+c5H38=
github.com/h2non/filetype v1.1.3 h1:FKkx9QbD7HR/zjK1Ia5XiBsq9zdLi5Kf3zGyFTAFkGg=
github.com/h2non/filetype v1.1.3/go.mod h1:319b3zT68BvV+WRj7cwy856M2ehB3HqNOt6sy1HndBY=
github.com/juju/errors v1.0.0 h1:yiq7kjCLll1BiaRuNY53MGI0+EQ3rF6GB+wvboZDefM=
github.com/juju/errors v1.0.0/go.mod h1:B5x9thDqx0wIMH3+aLIMP9HjItInYWObRovoCFM5Qe8=
github.com/kr/pretty v0.2.1 h1:Fmg33tUaq4/8ym9TJN1x7sLJnHVwhP33CNkpYV/7rwI=
github.com/kr/pretty v0.2.1/go.mod h1:ipq/a2n7PKx3OHsz4KJII5eveXtPO4qwEXGdVfWzfnI=
github.com/kr/text v0.2.0 h1:5Nx0Ya0ZqY2ygV366QzturHI13Jq95ApcVaJBhpS+AY=
github.com/kr/text v0.2.0/go.mod h1:eLer722TekiGuMkidMxC/pM04lWEeraHUUmBw8l2grE=
github.com/mrnavastar/assist v0.0.0-20241019045358-9ca8d2f8ba47 h1:k7ALRT9JAxhsLkEcO0SHBtFa5VTXmhPPkuYm4vN+myo=
github.com/mrnavastar/assist v0.0.0-20241019045358-9ca8d2f8ba47/go.mod h1:g7rvIBEUXmx/fU1fwrgUiIMzE5xc/7avDoqf3jWFqSY=
github.com/mrnavastar/babe v0.0.0-20241019203637-8693d9e1507a h1:HzZOArwBaBNEAE5qWQ6zcxgIjSS+EVtFCP/SW2fILYI=
github.com/mrnavastar/babe v0.0.0-20241019203637-8693d9e1507a/go.mod h1:YWGhszTbz2arcT7NZV37GtfQReGp3d5R0ZNZN11dn/A=
github.com/mrnavastar/golua v0.0.0-20241031071231-f3be9071b9b1 h1:8EFAo+5Yb7uuM40W9wFE8MappMY/fF5yW8LzK+CD11k=
github.com/mrnavastar/golua v0.0.0-20241031071231-f3be9071b9b1/go.mod h1:wcgIcQdcKO4O44JaZIe8ijPZ7tU/dBFjmKrizjHleuo=
github.com/mrnavastar/goluare v0.0.0-20241031064248-523196000fbd h1:Q8B4K7HPU4laPyrSNEMhq9D7JqwSnB90LShKPvL3KFA=
github.com/mrnavastar/goluare v0.0.0-20241031064248-523196000fbd/go.mod h1:vJJyHIBO+PBz4LpvHfOQaup6MS2hD37iMD2TSs5JBYI=
github.com/pmezard/go-difflib v1.0.0 h1:4DBwDE0NGyQoBHbLQYPwSUPoCMWR5BEzIk/f1lZbAQM=
github.com/pmezard/go-difflib v1.0.0/go.mod h1:iKH77koFhYxTK1pcRnkKkqfTogsbg7gZNVY4sRDYZ/4=
github.com/russross/blackfriday/v2 v2.1.0 h1:JIOH55/0cWyOuilr9/qlrm0BSXldqnqwMsf35Ld67mk=
github.com/russross/blackfriday/v2 v2.1.0/go.mod h1:+Rmxgy9KzJVeS9/2gXHxylqXiyQDYRxCVz55jmeOWTM=
github.com/stretchr/testify v1.9.0 h1:HtqpIVDClZ4nwg75+f6Lvsy/wHu+3BoSGCbBAcpTsTg=
github.com/stretchr/testify v1.9.0/go.mod h1:r2ic/lqez/lEtzL7wO/rwa5dbSLXVDPFyf8C91i36aY=
github.com/urfave/cli/v2 v2.27.5 h1:WoHEJLdsXr6dDWoJgMq/CboDmyY/8HMMH1fTECbih+w=
github.com/urfave/cli/v2 v2.27.5/go.mod h1:3Sevf16NykTbInEnD0yKkjDAeZDS0A6bzhBH5hrMvTQ=
github.com/xrash/smetrics v0.0.0-20240521201337-686a1a2994c1 h1:gEOO8jv9F4OT7lGCjxCBTO/36wtF6j2nSip77qHd4x4=
github.com/xrash/smetrics v0.0.0-20240521201337-686a1a2994c1/go.mod h1:Ohn+xnUBiLI6FVj/9LpzZWtj1/D6lUovWYBkxHVV3aM=
golang.org/x/sync v0.8.0 h1:3NFvSEYkUoMifnESzZl15y791HH1qU2xm6eCJU5ZPXQ=
golang.org/x/sync v0.8.0/go.mod h1:Czt+wKu1gCyEFDUtn0jG5QVvpJ6rzVqr5aXyt9drQfk=
gopkg.in/check.v1 v1.0.0-20201130134442-10cb98267c6c h1:Hei/4ADfdWqJk1ZMxUNpqntNwaWcugrBjAiHlqqRiVk=
gopkg.in/check.v1 v1.0.0-20201130134442-10cb98267c6c/go.mod h1:JHkPIbrfpd72SG/EVd6muEfDQjcINNoR0C8j2r3qZ4Q=
gopkg.in/yaml.v3 v3.0.1 h1:fxVm/GzAzEWqLHuvctI91KS9hhNmmWOoWu0XTYJS7CA=
gopkg.in/yaml.v3 v3.0.1/go.mod h1:K4uyk7z7BCEPqu6E+C64Yfv1cQ7kz7rIZviUmN+EgEM=
